
Microsoft Visual Studio Solution File, Format Version 12.00
# Visual Studio Version 16
VisualStudioVersion = 16.0.30011.22
MinimumVisualStudioVersion = 10.0.40219.1
Project("{FAE04EC0-301F-11D3-BF4B-00C04F79EFBC}") = "Notification_System", "Notification_System\Notification_System.csproj", "{B0222483-2B1B-46F3-B59E-EE3264FB5883}"
EndProject
Global
	GlobalSection(SolutionConfigurationPlatforms) = preSolution
		Debug|Any CPU = Debug|Any CPU
		Release|Any CPU = Release|Any CPU
	EndGlobalSection
	GlobalSection(ProjectConfigurationPlatforms) = postSolution
		{B0222483-2B1B-46F3-B59E-EE3264FB5883}.Debug|Any CPU.ActiveCfg = Debug|Any CPU
		{B0222483-2B1B-46F3-B59E-EE3264FB5883}.Debug|Any CPU.Build.0 = Debug|Any CPU
		{B0222483-2B1B-46F3-B59E-EE3264FB5883}.Release|Any CPU.ActiveCfg = Release|Any CPU
		{B0222483-2B1B-46F3-B59E-EE3264FB5883}.Release|Any CPU.Build.0 = Release|Any CPU
	EndGlobalSection
	GlobalSection(SolutionProperties) = preSolution
		HideSolutionNode = FALSE
	EndGlobalSection
	GlobalSection(ExtensibilityGlobals) = postSolution
		SolutionGuid = {A5ADF176-F7C5-4208-A66C-3F8844CE0DCC}
	EndGlobalSection
EndGlobal
